# This file is automatically @generated by Poetry 1.5.1 and should not be changed by hand.

[[package]]
name = "certifi"
version = "2023.7.22"
description = "Python package for providing Mozilla's CA Bundle."
optional = false
python-versions = ">=3.6"
files = [
    { file = "certifi-2023.7.22-py3-none-any.whl", hash = "sha256:92d6037539857d8206b8f6ae472e8b77db8058fec5937a1ef3f54304089edbb9" },
    { file = "certifi-2023.7.22.tar.gz", hash = "sha256:539cc1d13202e33ca466e88b2807e29f4c13049d6d87031a3c110744495cb082" },
]

[[package]]
name = "charset-normalizer"
version = "3.2.0"
description = "The Real First Universal Charset Detector. Open, modern and actively maintained alternative to Chardet."
optional = false
python-versions = ">=3.7.0"
files = [
    { file = "charset-normalizer-3.2.0.tar.gz", hash = "sha256:3bb3d25a8e6c0aedd251753a79ae98a093c7e7b471faa3aa9a93a81431987ace" },
    { file = "charset_normalizer-3.2.0-cp310-cp310-macosx_10_9_universal2.whl", hash = "sha256:0b87549028f680ca955556e3bd57013ab47474c3124dc069faa0b6545b6c9710" },
    { file = "charset_normalizer-3.2.0-cp310-cp310-macosx_10_9_x86_64.whl", hash = "sha256:7c70087bfee18a42b4040bb9ec1ca15a08242cf5867c58726530bdf3945672ed" },
    { file = "charset_normalizer-3.2.0-cp310-cp310-macosx_11_0_arm64.whl", hash = "sha256:a103b3a7069b62f5d4890ae1b8f0597618f628b286b03d4bc9195230b154bfa9" },
    { file = "charset_normalizer-3.2.0-cp310-cp310-manylinux_2_17_aarch64.manylinux2014_aarch64.whl", hash = "sha256:94aea8eff76ee6d1cdacb07dd2123a68283cb5569e0250feab1240058f53b623" },
    { file = "charset_normalizer-3.2.0-cp310-cp310-manylinux_2_17_ppc64le.manylinux2014_ppc64le.whl", hash = "sha256:db901e2ac34c931d73054d9797383d0f8009991e723dab15109740a63e7f902a" },
    { file = "charset_normalizer-3.2.0-cp310-cp310-manylinux_2_17_s390x.manylinux2014_s390x.whl", hash = "sha256:b0dac0ff919ba34d4df1b6131f59ce95b08b9065233446be7e459f95554c0dc8" },
    { file = "charset_normalizer-3.2.0-cp310-cp310-manylinux_2_17_x86_64.manylinux2014_x86_64.whl", hash = "sha256:193cbc708ea3aca45e7221ae58f0fd63f933753a9bfb498a3b474878f12caaad" },
    { file = "charset_normalizer-3.2.0-cp310-cp310-manylinux_2_5_i686.manylinux1_i686.manylinux_2_17_i686.manylinux2014_i686.whl", hash = "sha256:09393e1b2a9461950b1c9a45d5fd251dc7c6f228acab64da1c9c0165d9c7765c" },
    { file = "charset_normalizer-3.2.0-cp310-cp310-musllinux_1_1_aarch64.whl", hash = "sha256:baacc6aee0b2ef6f3d308e197b5d7a81c0e70b06beae1f1fcacffdbd124fe0e3" },
    { file = "charset_normalizer-3.2.0-cp310-cp310-musllinux_1_1_i686.whl", hash = "sha256:bf420121d4c8dce6b889f0e8e4ec0ca34b7f40186203f06a946fa0276ba54029" },
    { file = "charset_normalizer-3.2.0-cp310-cp310-musllinux_1_1_ppc64le.whl", hash = "sha256:c04a46716adde8d927adb9457bbe39cf473e1e2c2f5d0a16ceb837e5d841ad4f" },
    { file = "charset_normalizer-3.2.0-cp310-cp310-musllinux_1_1_s390x.whl", hash = "sha256:aaf63899c94de41fe3cf934601b0f7ccb6b428c6e4eeb80da72c58eab077b19a" },
    { file = "charset_normalizer-3.2.0-cp310-cp310-musllinux_1_1_x86_64.whl", hash = "sha256:d62e51710986674142526ab9f78663ca2b0726066ae26b78b22e0f5e571238dd" },
    { file = "charset_normalizer-3.2.0-cp310-cp310-win32.whl", hash = "sha256:04e57ab9fbf9607b77f7d057974694b4f6b142da9ed4a199859d9d4d5c63fe96" },
    { file = "charset_normalizer-3.2.0-cp310-cp310-win_amd64.whl", hash = "sha256:48021783bdf96e3d6de03a6e39a1171ed5bd7e8bb93fc84cc649d11490f87cea" },
    { file = "charset_normalizer-3.2.0-cp311-cp311-macosx_10_9_universal2.whl", hash = "sha256:4957669ef390f0e6719db3613ab3a7631e68424604a7b448f079bee145da6e09" },
    { file = "charset_normalizer-3.2.0-cp311-cp311-macosx_10_9_x86_64.whl", hash = "sha256:46fb8c61d794b78ec7134a715a3e564aafc8f6b5e338417cb19fe9f57a5a9bf2" },
    { file = "charset_normalizer-3.2.0-cp311-cp311-macosx_11_0_arm64.whl", hash = "sha256:f779d3ad205f108d14e99bb3859aa7dd8e9c68874617c72354d7ecaec2a054ac" },
    { file = "charset_normalizer-3.2.0-cp311-cp311-manylinux_2_17_aarch64.manylinux2014_aarch64.whl", hash = "sha256:f25c229a6ba38a35ae6e25ca1264621cc25d4d38dca2942a7fce0b67a4efe918" },
    { file = "charset_normalizer-3.2.0-cp311-cp311-manylinux_2_17_ppc64le.manylinux2014_ppc64le.whl", hash = "sha256:2efb1bd13885392adfda4614c33d3b68dee4921fd0ac1d3988f8cbb7d589e72a" },
    { file = "charset_normalizer-3.2.0-cp311-cp311-manylinux_2_17_s390x.manylinux2014_s390x.whl", hash = "sha256:1f30b48dd7fa1474554b0b0f3fdfdd4c13b5c737a3c6284d3cdc424ec0ffff3a" },
    { file = "charset_normalizer-3.2.0-cp311-cp311-manylinux_2_17_x86_64.manylinux2014_x86_64.whl", hash = "sha256:246de67b99b6851627d945db38147d1b209a899311b1305dd84916f2b88526c6" },
    { file = "charset_normalizer-3.2.0-cp311-cp311-manylinux_2_5_i686.manylinux1_i686.manylinux_2_17_i686.manylinux2014_i686.whl", hash = "sha256:9bd9b3b31adcb054116447ea22caa61a285d92e94d710aa5ec97992ff5eb7cf3" },
    { file = "charset_normalizer-3.2.0-cp311-cp311-musllinux_1_1_aarch64.whl", hash = "sha256:8c2f5e83493748286002f9369f3e6607c565a6a90425a3a1fef5ae32a36d749d" },
    { file = "charset_normalizer-3.2.0-cp311-cp311-musllinux_1_1_i686.whl", hash = "sha256:3170c9399da12c9dc66366e9d14da8bf7147e1e9d9ea566067bbce7bb74bd9c2" },
    { file = "charset_normalizer-3.2.0-cp311-cp311-musllinux_1_1_ppc64le.whl", hash = "sha256:7a4826ad2bd6b07ca615c74ab91f32f6c96d08f6fcc3902ceeedaec8cdc3bcd6" },
    { file = "charset_normalizer-3.2.0-cp311-cp311-musllinux_1_1_s390x.whl", hash = "sha256:3b1613dd5aee995ec6d4c69f00378bbd07614702a315a2cf6c1d21461fe17c23" },
    { file = "charset_normalizer-3.2.0-cp311-cp311-musllinux_1_1_x86_64.whl", hash = "sha256:9e608aafdb55eb9f255034709e20d5a83b6d60c054df0802fa9c9883d0a937aa" },
    { file = "charset_normalizer-3.2.0-cp311-cp311-win32.whl", hash = "sha256:f2a1d0fd4242bd8643ce6f98927cf9c04540af6efa92323e9d3124f57727bfc1" },
    { file = "charset_normalizer-3.2.0-cp311-cp311-win_amd64.whl", hash = "sha256:681eb3d7e02e3c3655d1b16059fbfb605ac464c834a0c629048a30fad2b27489" },
    { file = "charset_normalizer-3.2.0-cp37-cp37m-macosx_10_9_x86_64.whl", hash = "sha256:c57921cda3a80d0f2b8aec7e25c8aa14479ea92b5b51b6876d975d925a2ea346" },
    { file = "charset_normalizer-3.2.0-cp37-cp37m-manylinux_2_17_aarch64.manylinux2014_aarch64.whl", hash = "sha256:41b25eaa7d15909cf3ac4c96088c1f266a9a93ec44f87f1d13d4a0e86c81b982" },
    { file = "charset_normalizer-3.2.0-cp37-cp37m-manylinux_2_17_ppc64le.manylinux2014_ppc64le.whl", hash = "sha256:f058f6963fd82eb143c692cecdc89e075fa0828db2e5b291070485390b2f1c9c" },
    { file = "charset_normalizer-3.2.0-cp37-cp37m-manylinux_2_17_s390x.manylinux2014_s390x.whl", hash = "sha256:a7647ebdfb9682b7bb97e2a5e7cb6ae735b1c25008a70b906aecca294ee96cf4" },
    { file = "charset_normalizer-3.2.0-cp37-cp37m-manylinux_2_17_x86_64.manylinux2014_x86_64.whl", hash = "sha256:eef9df1eefada2c09a5e7a40991b9fc6ac6ef20b1372abd48d2794a316dc0449" },
    { file = "charset_normalizer-3.2.0-cp37-cp37m-manylinux_2_5_i686.manylinux1_i686.manylinux_2_17_i686.manylinux2014_i686.whl", hash = "sha256:e03b8895a6990c9ab2cdcd0f2fe44088ca1c65ae592b8f795c3294af00a461c3" },
    { file = "charset_normalizer-3.2.0-cp37-cp37m-musllinux_1_1_aarch64.whl", hash = "sha256:ee4006268ed33370957f55bf2e6f4d263eaf4dc3cfc473d1d90baff6ed36ce4a" },
    { file = "charset_normalizer-3.2.0-cp37-cp37m-musllinux_1_1_i686.whl", hash = "sha256:c4983bf937209c57240cff65906b18bb35e64ae872da6a0db937d7b4af845dd7" },
    { file = "charset_normalizer-3.2.0-cp37-cp37m-musllinux_1_1_ppc64le.whl", hash = "sha256:3bb7fda7260735efe66d5107fb7e6af6a7c04c7fce9b2514e04b7a74b06bf5dd" },
    { file = "charset_normalizer-3.2.0-cp37-cp37m-musllinux_1_1_s390x.whl", hash = "sha256:72814c01533f51d68702802d74f77ea026b5ec52793c791e2da806a3844a46c3" },
    { file = "charset_normalizer-3.2.0-cp37-cp37m-musllinux_1_1_x86_64.whl", hash = "sha256:70c610f6cbe4b9fce272c407dd9d07e33e6bf7b4aa1b7ffb6f6ded8e634e3592" },
    { file = "charset_normalizer-3.2.0-cp37-cp37m-win32.whl", hash = "sha256:a401b4598e5d3f4a9a811f3daf42ee2291790c7f9d74b18d75d6e21dda98a1a1" },
    { file = "charset_normalizer-3.2.0-cp37-cp37m-win_amd64.whl", hash = "sha256:c0b21078a4b56965e2b12f247467b234734491897e99c1d51cee628da9786959" },
    { file = "charset_normalizer-3.2.0-cp38-cp38-macosx_10_9_universal2.whl", hash = "sha256:95eb302ff792e12aba9a8b8f8474ab229a83c103d74a750ec0bd1c1eea32e669" },
    { file = "charset_normalizer-3.2.0-cp38-cp38-macosx_10_9_x86_64.whl", hash = "sha256:1a100c6d595a7f316f1b6f01d20815d916e75ff98c27a01ae817439ea7726329" },
    { file = "charset_normalizer-3.2.0-cp38-cp38-macosx_11_0_arm64.whl", hash = "sha256:6339d047dab2780cc6220f46306628e04d9750f02f983ddb37439ca47ced7149" },
    { file = "charset_normalizer-3.2.0-cp38-cp38-manylinux_2_17_aarch64.manylinux2014_aarch64.whl", hash = "sha256:e4b749b9cc6ee664a3300bb3a273c1ca8068c46be705b6c31cf5d276f8628a94" },
    { file = "charset_normalizer-3.2.0-cp38-cp38-manylinux_2_17_ppc64le.manylinux2014_ppc64le.whl", hash = "sha256:a38856a971c602f98472050165cea2cdc97709240373041b69030be15047691f" },
    { file = "charset_normalizer-3.2.0-cp38-cp38-manylinux_2_17_s390x.manylinux2014_s390x.whl", hash = "sha256:f87f746ee241d30d6ed93969de31e5ffd09a2961a051e60ae6bddde9ec3583aa" },
    { file = "charset_normalizer-3.2.0-cp38-cp38-manylinux_2_17_x86_64.manylinux2014_x86_64.whl", hash = "sha256:89f1b185a01fe560bc8ae5f619e924407efca2191b56ce749ec84982fc59a32a" },
    { file = "charset_normalizer-3.2.0-cp38-cp38-manylinux_2_5_i686.manylinux1_i686.manylinux_2_17_i686.manylinux2014_i686.whl", hash = "sha256:e1c8a2f4c69e08e89632defbfabec2feb8a8d99edc9f89ce33c4b9e36ab63037" },
    { file = "charset_normalizer-3.2.0-cp38-cp38-musllinux_1_1_aarch64.whl", hash = "sha256:2f4ac36d8e2b4cc1aa71df3dd84ff8efbe3bfb97ac41242fbcfc053c67434f46" },
    { file = "charset_normalizer-3.2.0-cp38-cp38-musllinux_1_1_i686.whl", hash = "sha256:a386ebe437176aab38c041de1260cd3ea459c6ce5263594399880bbc398225b2" },
    { file = "charset_normalizer-3.2.0-cp38-cp38-musllinux_1_1_ppc64le.whl", hash = "sha256:ccd16eb18a849fd8dcb23e23380e2f0a354e8daa0c984b8a732d9cfaba3a776d" },
    { file = "charset_normalizer-3.2.0-cp38-cp38-musllinux_1_1_s390x.whl", hash = "sha256:e6a5bf2cba5ae1bb80b154ed68a3cfa2fa00fde979a7f50d6598d3e17d9ac20c" },
    { file = "charset_normalizer-3.2.0-cp38-cp38-musllinux_1_1_x86_64.whl", hash = "sha256:45de3f87179c1823e6d9e32156fb14c1927fcc9aba21433f088fdfb555b77c10" },
    { file = "charset_normalizer-3.2.0-cp38-cp38-win32.whl", hash = "sha256:1000fba1057b92a65daec275aec30586c3de2401ccdcd41f8a5c1e2c87078706" },
    { file = "charset_normalizer-3.2.0-cp38-cp38-win_amd64.whl", hash = "sha256:8b2c760cfc7042b27ebdb4a43a4453bd829a5742503599144d54a032c5dc7e9e" },
    { file = "charset_normalizer-3.2.0-cp39-cp39-macosx_10_9_universal2.whl", hash = "sha256:855eafa5d5a2034b4621c74925d89c5efef61418570e5ef9b37717d9c796419c" },
    { file = "charset_normalizer-3.2.0-cp39-cp39-macosx_10_9_x86_64.whl", hash = "sha256:203f0c8871d5a7987be20c72442488a0b8cfd0f43b7973771640fc593f56321f" },
    { file = "charset_normalizer-3.2.0-cp39-cp39-macosx_11_0_arm64.whl", hash = "sha256:e857a2232ba53ae940d3456f7533ce6ca98b81917d47adc3c7fd55dad8fab858" },
    { file = "charset_normalizer-3.2.0-cp39-cp39-manylinux_2_17_aarch64.manylinux2014_aarch64.whl", hash = "sha256:5e86d77b090dbddbe78867a0275cb4df08ea195e660f1f7f13435a4649e954e5" },
    { file = "charset_normalizer-3.2.0-cp39-cp39-manylinux_2_17_ppc64le.manylinux2014_ppc64le.whl", hash = "sha256:c4fb39a81950ec280984b3a44f5bd12819953dc5fa3a7e6fa7a80db5ee853952" },
    { file = "charset_normalizer-3.2.0-cp39-cp39-manylinux_2_17_s390x.manylinux2014_s390x.whl", hash = "sha256:2dee8e57f052ef5353cf608e0b4c871aee320dd1b87d351c28764fc0ca55f9f4" },
    { file = "charset_normalizer-3.2.0-cp39-cp39-manylinux_2_17_x86_64.manylinux2014_x86_64.whl", hash = "sha256:8700f06d0ce6f128de3ccdbc1acaea1ee264d2caa9ca05daaf492fde7c2a7200" },
    { file = "charset_normalizer-3.2.0-cp39-cp39-manylinux_2_5_i686.manylinux1_i686.manylinux_2_17_i686.manylinux2014_i686.whl", hash = "sha256:1920d4ff15ce893210c1f0c0e9d19bfbecb7983c76b33f046c13a8ffbd570252" },
    { file = "charset_normalizer-3.2.0-cp39-cp39-musllinux_1_1_aarch64.whl", hash = "sha256:c1c76a1743432b4b60ab3358c937a3fe1341c828ae6194108a94c69028247f22" },
    { file = "charset_normalizer-3.2.0-cp39-cp39-musllinux_1_1_i686.whl", hash = "sha256:f7560358a6811e52e9c4d142d497f1a6e10103d3a6881f18d04dbce3729c0e2c" },
    { file = "charset_normalizer-3.2.0-cp39-cp39-musllinux_1_1_ppc64le.whl", hash = "sha256:c8063cf17b19661471ecbdb3df1c84f24ad2e389e326ccaf89e3fb2484d8dd7e" },
    { file = "charset_normalizer-3.2.0-cp39-cp39-musllinux_1_1_s390x.whl", hash = "sha256:cd6dbe0238f7743d0efe563ab46294f54f9bc8f4b9bcf57c3c666cc5bc9d1299" },
    { file = "charset_normalizer-3.2.0-cp39-cp39-musllinux_1_1_x86_64.whl", hash = "sha256:1249cbbf3d3b04902ff081ffbb33ce3377fa6e4c7356f759f3cd076cc138d020" },
    { file = "charset_normalizer-3.2.0-cp39-cp39-win32.whl", hash = "sha256:6c409c0deba34f147f77efaa67b8e4bb83d2f11c8806405f76397ae5b8c0d1c9" },
    { file = "charset_normalizer-3.2.0-cp39-cp39-win_amd64.whl", hash = "sha256:7095f6fbfaa55defb6b733cfeb14efaae7a29f0b59d8cf213be4e7ca0b857b80" },
    { file = "charset_normalizer-3.2.0-py3-none-any.whl", hash = "sha256:8e098148dd37b4ce3baca71fb394c81dc5d9c7728c95df695d2dca218edf40e6" },
]

[[package]]
name = "click"
version = "8.1.6"
description = "Composable command line interface toolkit"
optional = false
python-versions = ">=3.7"
files = [
    { file = "click-8.1.6-py3-none-any.whl", hash = "sha256:fa244bb30b3b5ee2cae3da8f55c9e5e0c0e86093306301fb418eb9dc40fbded5" },
    { file = "click-8.1.6.tar.gz", hash = "sha256:48ee849951919527a045bfe3bf7baa8a959c423134e1a5b98c05c20ba75a1cbd" },
]

[package.dependencies]
colorama = {version = "*", markers = "platform_system == \"Windows\""}

[[package]]
name = "colorama"
version = "0.4.6"
description = "Cross-platform colored terminal text."
optional = false
python-versions = "!=3.0.*,!=3.1.*,!=3.2.*,!=3.3.*,!=3.4.*,!=3.5.*,!=3.6.*,>=2.7"
files = [
    { file = "colorama-0.4.6-py2.py3-none-any.whl", hash = "sha256:4f1d9991f5acc0ca119f9d443620b77f9d6b33703e51011c16baf57afb285fc6" },
    { file = "colorama-0.4.6.tar.gz", hash = "sha256:08695f5cb7ed6e0531a20572697297273c47b8cae5a63ffc6d6ed5c201be6e44" },
]

[[package]]
name = "colorlog"
version = "6.7.0"
description = "Add colours to the output of Python's logging module."
optional = false
python-versions = ">=3.6"
files = [
    { file = "colorlog-6.7.0-py2.py3-none-any.whl", hash = "sha256:0d33ca236784a1ba3ff9c532d4964126d8a2c44f1f0cb1d2b0728196f512f662" },
    { file = "colorlog-6.7.0.tar.gz", hash = "sha256:bd94bd21c1e13fac7bd3153f4bc3a7dc0eb0974b8bc2fdf1a989e474f6e582e5" },
]

[package.dependencies]
colorama = { version = "*", markers = "sys_platform == \"win32\"" }

[package.extras]
development = ["black", "flake8", "mypy", "pytest", "types-colorama"]

[[package]]
name = "cython"
version = "3.0.0"
description = "The Cython compiler for writing C extensions in the Python language."
optional = false
python-versions = ">=2.7, !=3.0.*, !=3.1.*, !=3.2.*, !=3.3.*"
files = [
    { file = "Cython-3.0.0-cp310-cp310-macosx_10_9_x86_64.whl", hash = "sha256:7c7d728e1a49ad01d41181e3a9ea80b8d14e825f4679e4dd837cbf7bca7998a5" },
    { file = "Cython-3.0.0-cp310-cp310-manylinux_2_17_aarch64.manylinux2014_aarch64.whl", hash = "sha256:626a4a6ef4b7ced87c348ea805488e4bd39dad9d0b39659aa9e1040b62bbfedf" },
    { file = "Cython-3.0.0-cp310-cp310-manylinux_2_17_x86_64.manylinux2014_x86_64.whl", hash = "sha256:33c900d1ca9f622b969ac7d8fc44bdae140a4a6c7d8819413b51f3ccd0586a09" },
    { file = "Cython-3.0.0-cp310-cp310-manylinux_2_5_i686.manylinux1_i686.manylinux_2_17_i686.manylinux2014_i686.whl", hash = "sha256:a65bc50dc1bc2faeafd9425defbdef6a468974f5c4192497ff7f14adccfdcd32" },
    { file = "Cython-3.0.0-cp310-cp310-musllinux_1_1_aarch64.whl", hash = "sha256:3b71b399b10b038b056ad12dce1e317a8aa7a96e99de7e4fa2fa5d1c9415cfb9" },
    { file = "Cython-3.0.0-cp310-cp310-musllinux_1_1_x86_64.whl", hash = "sha256:f42f304c097cc53e9eb5f1a1d150380353d5018a3191f1b77f0de353c762181e" },
    { file = "Cython-3.0.0-cp310-cp310-win32.whl", hash = "sha256:3e234e2549e808d9259fdb23ebcfd145be30c638c65118326ec33a8d29248dc2" },
    { file = "Cython-3.0.0-cp310-cp310-win_amd64.whl", hash = "sha256:829c8333195100448a23863cf64a07e1334fae6a275aefe871458937911531b6" },
    { file = "Cython-3.0.0-cp311-cp311-macosx_10_9_x86_64.whl", hash = "sha256:06db81b1a01858fcc406616f8528e686ffb6cf7c3d78fb83767832bfecea8ad8" },
    { file = "Cython-3.0.0-cp311-cp311-manylinux_2_17_aarch64.manylinux2014_aarch64.whl", hash = "sha256:c93634845238645ce7abf63a56b1c5b6248189005c7caff898fd4a0dac1c5e1e" },
    { file = "Cython-3.0.0-cp311-cp311-manylinux_2_17_x86_64.manylinux2014_x86_64.whl", hash = "sha256:aa606675c6bd23478b1d174e2a84e3c5a2c660968f97dc455afe0fae198f9d3d" },
    { file = "Cython-3.0.0-cp311-cp311-manylinux_2_5_i686.manylinux1_i686.manylinux_2_17_i686.manylinux2014_i686.whl", hash = "sha256:d3355e6f690184f984eeb108b0f5bbc4bcf8b9444f8168933acf79603abf7baf" },
    { file = "Cython-3.0.0-cp311-cp311-musllinux_1_1_aarch64.whl", hash = "sha256:93a34e1ca8afa4b7075b02ed14a7e4969256297029fb1bfd4cbe48f7290dbcff" },
    { file = "Cython-3.0.0-cp311-cp311-musllinux_1_1_x86_64.whl", hash = "sha256:bb1165ca9e78823f9ad1efa5b3d83156f868eabd679a615d140a3021bb92cd65" },
    { file = "Cython-3.0.0-cp311-cp311-win32.whl", hash = "sha256:2fadde1da055944f5e1e17625055f54ddd11f451889110278ef30e07bd5e1695" },
    { file = "Cython-3.0.0-cp311-cp311-win_amd64.whl", hash = "sha256:254ed1f03a6c237fa64f0c6e44862058de65bfa2e6a3b48ca3c205492e0653aa" },
    { file = "Cython-3.0.0-cp312-cp312-macosx_10_9_x86_64.whl", hash = "sha256:4e212237b7531759befb92699c452cd65074a78051ae4ee36ff8b237395ecf3d" },
    { file = "Cython-3.0.0-cp312-cp312-manylinux_2_17_aarch64.manylinux2014_aarch64.whl", hash = "sha256:9f29307463eba53747b31f71394ed087e3e3e264dcc433e62de1d51f5c0c966c" },
    { file = "Cython-3.0.0-cp312-cp312-manylinux_2_17_x86_64.manylinux2014_x86_64.whl", hash = "sha256:53328a8af0806bebbdb48a4191883b11ee9d9dfb084d84f58fa5a8ab58baefc9" },
    { file = "Cython-3.0.0-cp312-cp312-manylinux_2_5_i686.manylinux1_i686.manylinux_2_17_i686.manylinux2014_i686.whl", hash = "sha256:5962e70b15e863e72bed6910e8c6ffef77d36cc98e2b31c474378f3b9e49b0e3" },
    { file = "Cython-3.0.0-cp312-cp312-musllinux_1_1_aarch64.whl", hash = "sha256:9e69139f4e60ab14c50767a568612ea64d6907e9c8e0289590a170eb495e005f" },
    { file = "Cython-3.0.0-cp312-cp312-musllinux_1_1_x86_64.whl", hash = "sha256:c40bdbcb2286f0aeeb5df9ce53d45da2d2a9b36a16b331cd0809d212d22a8fc7" },
    { file = "Cython-3.0.0-cp312-cp312-win32.whl", hash = "sha256:8abb8915eb2e57fa53d918afe641c05d1bcc6ed1913682ec1f28de71f4e3f398" },
    { file = "Cython-3.0.0-cp312-cp312-win_amd64.whl", hash = "sha256:30a4bd2481e59bd7ab2539f835b78edc19fc455811e476916f56026b93afd28b" },
    { file = "Cython-3.0.0-cp36-cp36m-macosx_10_9_x86_64.whl", hash = "sha256:0e1e4b7e4bfbf22fecfa5b852f0e499c442d4853b7ebd33ae37cdec9826ed5d8" },
    { file = "Cython-3.0.0-cp36-cp36m-manylinux_2_17_aarch64.manylinux2014_aarch64.whl", hash = "sha256:6b00df42cdd1a285a64491ba23de08ab14169d3257c840428d40eb7e8e9979af" },
    { file = "Cython-3.0.0-cp36-cp36m-manylinux_2_17_x86_64.manylinux2014_x86_64.whl", hash = "sha256:650d03ddddc08b051b4659778733f0f173ca7d327415755c05d265a6c1ba02fb" },
    { file = "Cython-3.0.0-cp36-cp36m-manylinux_2_5_i686.manylinux1_i686.manylinux_2_17_i686.manylinux2014_i686.whl", hash = "sha256:4965f2ebade17166f21a508d66dd60d2a0b3a3b90abe3f72003baa17ae020dd6" },
    { file = "Cython-3.0.0-cp36-cp36m-musllinux_1_1_aarch64.whl", hash = "sha256:4123c8d03167803df31da6b39de167cb9c04ac0aa4e35d4e5aa9d08ad511b84d" },
    { file = "Cython-3.0.0-cp36-cp36m-musllinux_1_1_x86_64.whl", hash = "sha256:296c53b6c0030cf82987eef163444e8d7631cc139d995f9d58679d9fd1ddbf31" },
    { file = "Cython-3.0.0-cp36-cp36m-win32.whl", hash = "sha256:0d2c1e172f1c81bafcca703093608e10dc16e3e2d24c5644c17606c7fdb1792c" },
    { file = "Cython-3.0.0-cp36-cp36m-win_amd64.whl", hash = "sha256:bc816d8eb3686d6f8d165f4156bac18c1147e1035dc28a76742d0b7fb5b7c032" },
    { file = "Cython-3.0.0-cp37-cp37m-macosx_10_9_x86_64.whl", hash = "sha256:8d86651347bbdbac1aca1824696c5e4c0a3b162946c422edcca2be12a03744d1" },
    { file = "Cython-3.0.0-cp37-cp37m-manylinux_2_17_aarch64.manylinux2014_aarch64.whl", hash = "sha256:84176bd04ce9f3cc8799b47ec6d1959fa1ea5e71424507df7bbf0b0915bbedef" },
    { file = "Cython-3.0.0-cp37-cp37m-manylinux_2_17_x86_64.manylinux2014_x86_64.whl", hash = "sha256:35abcf07b8277ec95bbe49a07b5c8760a2d941942ccfe759a94c8d2fe5602e9f" },
    { file = "Cython-3.0.0-cp37-cp37m-manylinux_2_5_i686.manylinux1_i686.manylinux_2_17_i686.manylinux2014_i686.whl", hash = "sha256:a44d6b9a29b2bff38bb648577b2fcf6a68cf8b1783eee89c2eb749f69494b98d" },
    { file = "Cython-3.0.0-cp37-cp37m-musllinux_1_1_aarch64.whl", hash = "sha256:4dc6bbe7cf079db37f1ebb9b0f10d0d7f29e293bb8688e92d50b5ea7a91d82f3" },
    { file = "Cython-3.0.0-cp37-cp37m-musllinux_1_1_x86_64.whl", hash = "sha256:e28763e75e380b8be62b02266a7995a781997c97c119efbdccb8fb954bcd7574" },
    { file = "Cython-3.0.0-cp37-cp37m-win32.whl", hash = "sha256:edae615cb4af51d5173e76ba9aea212424d025c57012e9cdf2f131f774c5ba71" },
    { file = "Cython-3.0.0-cp37-cp37m-win_amd64.whl", hash = "sha256:20c604e974832aaf8b7a1f5455ee7274b34df62a35ee095cd7d2ed7e818e6c53" },
    { file = "Cython-3.0.0-cp38-cp38-macosx_10_9_x86_64.whl", hash = "sha256:c85fd2b1cbd9400d60ebe074795bb9a9188752f1612be3b35b0831a24879b91f" },
    { file = "Cython-3.0.0-cp38-cp38-manylinux_2_17_aarch64.manylinux2014_aarch64.whl", hash = "sha256:090256c687106932339f87f888b95f0d69c617bc9b18801555545b695d29d8ab" },
    { file = "Cython-3.0.0-cp38-cp38-manylinux_2_17_x86_64.manylinux2014_x86_64.whl", hash = "sha256:cec2a67a0a7d9d4399758c0657ca03e5912e37218859cfbf046242cc532bfb3b" },
    { file = "Cython-3.0.0-cp38-cp38-manylinux_2_5_i686.manylinux1_i686.manylinux_2_17_i686.manylinux2014_i686.whl", hash = "sha256:a1cdd01ce45333bc264a218c6e183700d6b998f029233f586a53c9b13455c2d2" },
    { file = "Cython-3.0.0-cp38-cp38-musllinux_1_1_aarch64.whl", hash = "sha256:ecee663d2d50ca939fc5db81f2f8a219c2417b4651ad84254c50a03a9cb1aadd" },
    { file = "Cython-3.0.0-cp38-cp38-musllinux_1_1_x86_64.whl", hash = "sha256:30f10e79393b411af7677c270ea69807acb9fc30205c8ff25561f4deef780ec1" },
    { file = "Cython-3.0.0-cp38-cp38-win32.whl", hash = "sha256:609777d3a7a0a23b225e84d967af4ad2485c8bdfcacef8037cf197e87d431ca0" },
    { file = "Cython-3.0.0-cp38-cp38-win_amd64.whl", hash = "sha256:7f4a6dfd42ae0a45797f50fc4f6add702abf46ab3e7cd61811a6c6a97a40e1a2" },
    { file = "Cython-3.0.0-cp39-cp39-macosx_10_9_x86_64.whl", hash = "sha256:2d8158277c8942c0b20ff4c074fe6a51c5b89e6ac60cef606818de8c92773596" },
    { file = "Cython-3.0.0-cp39-cp39-manylinux_2_17_aarch64.manylinux2014_aarch64.whl", hash = "sha256:54e34f99b2a8c1e11478541b2822e6408c132b98b6b8f5ed89411e5e906631ea" },
    { file = "Cython-3.0.0-cp39-cp39-manylinux_2_17_x86_64.manylinux2014_x86_64.whl", hash = "sha256:877d1c8745df59dd2061a0636c602729e9533ba13f13aa73a498f68662e1cbde" },
    { file = "Cython-3.0.0-cp39-cp39-manylinux_2_5_i686.manylinux1_i686.manylinux_2_17_i686.manylinux2014_i686.whl", hash = "sha256:204690be60f0ff32eb70b04f28ef0d1e50ffd7b3f77ba06a7dc2389ee3b848e0" },
    { file = "Cython-3.0.0-cp39-cp39-musllinux_1_1_aarch64.whl", hash = "sha256:06fcb4628ccce2ba5abc8630adbeaf4016f63a359b4c6c3827b2d80e0673981c" },
    { file = "Cython-3.0.0-cp39-cp39-musllinux_1_1_x86_64.whl", hash = "sha256:090e24cfa31c926d0b13d8bb2ef48175acdd061ae1413343c94a2b12a4a4fa6f" },
    { file = "Cython-3.0.0-cp39-cp39-win32.whl", hash = "sha256:4cd00f2158dc00f7f93a92444d0f663eda124c9c29bbbd658964f4e89c357fe8" },
    { file = "Cython-3.0.0-cp39-cp39-win_amd64.whl", hash = "sha256:5b4cc896d49ce2bae8d6a030f9a4c64965b59c38acfbf4617685e17f7fcf1731" },
    { file = "Cython-3.0.0-py2.py3-none-any.whl", hash = "sha256:ff1aef1a03cfe293237c7a86ae9625b0411b2df30c53d1a7f29a8d381f38a1df" },
    { file = "Cython-3.0.0.tar.gz", hash = "sha256:350b18f9673e63101dbbfcf774ee2f57c20ac4636d255741d76ca79016b1bd82" },
]

[[package]]
name = "idna"
version = "3.4"
description = "Internationalized Domain Names in Applications (IDNA)"
optional = false
python-versions = ">=3.5"
files = [
    { file = "idna-3.4-py3-none-any.whl", hash = "sha256:90b77e79eaa3eba6de819a0c442c0b4ceefc341a7a2ab77d7562bf49f425c5c2" },
    { file = "idna-3.4.tar.gz", hash = "sha256:814f528e8dead7d329833b91c5faa87d60bf71824cd12a7530b5526063d02cb4" },
]

[[package]]
name = "markdown-it-py"
version = "3.0.0"
description = "Python port of markdown-it. Markdown parsing, done right!"
optional = false
python-versions = ">=3.8"
files = [
    { file = "markdown-it-py-3.0.0.tar.gz", hash = "sha256:e3f60a94fa066dc52ec76661e37c851cb232d92f9886b15cb560aaada2df8feb" },
    { file = "markdown_it_py-3.0.0-py3-none-any.whl", hash = "sha256:355216845c60bd96232cd8d8c40e8f9765cc86f46880e43a8fd22dc1a1a8cab1" },
]

[package.dependencies]
mdurl = ">=0.1,<1.0"

[package.extras]
benchmarking = ["psutil", "pytest", "pytest-benchmark"]
code-style = ["pre-commit (>=3.0,<4.0)"]
compare = ["commonmark (>=0.9,<1.0)", "markdown (>=3.4,<4.0)", "mistletoe (>=1.0,<2.0)", "mistune (>=2.0,<3.0)", "panflute (>=2.3,<3.0)"]
linkify = ["linkify-it-py (>=1,<3)"]
plugins = ["mdit-py-plugins"]
profiling = ["gprof2dot"]
rtd = ["jupyter_sphinx", "mdit-py-plugins", "myst-parser", "pyyaml", "sphinx", "sphinx-copybutton", "sphinx-design", "sphinx_book_theme"]
testing = ["coverage", "pytest", "pytest-cov", "pytest-regressions"]

[[package]]
name = "mdurl"
version = "0.1.2"
description = "Markdown URL utilities"
optional = false
python-versions = ">=3.7"
files = [
    { file = "mdurl-0.1.2-py3-none-any.whl", hash = "sha256:84008a41e51615a49fc9966191ff91509e3c40b939176e643fd50a5c2196b8f8" },
    { file = "mdurl-0.1.2.tar.gz", hash = "sha256:bb413d29f5eea38f31dd4754dd7377d4465116fb207585f97bf925588687c1ba" },
]

[[package]]
name = "numpy"
version = "1.25.2"
description = "Fundamental package for array computing in Python"
optional = false
python-versions = ">=3.9"
files = [
    { file = "numpy-1.25.2-cp310-cp310-macosx_10_9_x86_64.whl", hash = "sha256:db3ccc4e37a6873045580d413fe79b68e47a681af8db2e046f1dacfa11f86eb3" },
    { file = "numpy-1.25.2-cp310-cp310-macosx_11_0_arm64.whl", hash = "sha256:90319e4f002795ccfc9050110bbbaa16c944b1c37c0baeea43c5fb881693ae1f" },
    { file = "numpy-1.25.2-cp310-cp310-manylinux_2_17_aarch64.manylinux2014_aarch64.whl", hash = "sha256:dfe4a913e29b418d096e696ddd422d8a5d13ffba4ea91f9f60440a3b759b0187" },
    { file = "numpy-1.25.2-cp310-cp310-manylinux_2_17_x86_64.manylinux2014_x86_64.whl", hash = "sha256:f08f2e037bba04e707eebf4bc934f1972a315c883a9e0ebfa8a7756eabf9e357" },
    { file = "numpy-1.25.2-cp310-cp310-musllinux_1_1_x86_64.whl", hash = "sha256:bec1e7213c7cb00d67093247f8c4db156fd03075f49876957dca4711306d39c9" },
    { file = "numpy-1.25.2-cp310-cp310-win32.whl", hash = "sha256:7dc869c0c75988e1c693d0e2d5b26034644399dd929bc049db55395b1379e044" },
    { file = "numpy-1.25.2-cp310-cp310-win_amd64.whl", hash = "sha256:834b386f2b8210dca38c71a6e0f4fd6922f7d3fcff935dbe3a570945acb1b545" },
    { file = "numpy-1.25.2-cp311-cp311-macosx_10_9_x86_64.whl", hash = "sha256:c5462d19336db4560041517dbb7759c21d181a67cb01b36ca109b2ae37d32418" },
    { file = "numpy-1.25.2-cp311-cp311-macosx_11_0_arm64.whl", hash = "sha256:c5652ea24d33585ea39eb6a6a15dac87a1206a692719ff45d53c5282e66d4a8f" },
    { file = "numpy-1.25.2-cp311-cp311-manylinux_2_17_aarch64.manylinux2014_aarch64.whl", hash = "sha256:0d60fbae8e0019865fc4784745814cff1c421df5afee233db6d88ab4f14655a2" },
    { file = "numpy-1.25.2-cp311-cp311-manylinux_2_17_x86_64.manylinux2014_x86_64.whl", hash = "sha256:60e7f0f7f6d0eee8364b9a6304c2845b9c491ac706048c7e8cf47b83123b8dbf" },
    { file = "numpy-1.25.2-cp311-cp311-musllinux_1_1_x86_64.whl", hash = "sha256:bb33d5a1cf360304754913a350edda36d5b8c5331a8237268c48f91253c3a364" },
    { file = "numpy-1.25.2-cp311-cp311-win32.whl", hash = "sha256:5883c06bb92f2e6c8181df7b39971a5fb436288db58b5a1c3967702d4278691d" },
    { file = "numpy-1.25.2-cp311-cp311-win_amd64.whl", hash = "sha256:5c97325a0ba6f9d041feb9390924614b60b99209a71a69c876f71052521d42a4" },
    { file = "numpy-1.25.2-cp39-cp39-macosx_10_9_x86_64.whl", hash = "sha256:b79e513d7aac42ae918db3ad1341a015488530d0bb2a6abcbdd10a3a829ccfd3" },
    { file = "numpy-1.25.2-cp39-cp39-macosx_11_0_arm64.whl", hash = "sha256:eb942bfb6f84df5ce05dbf4b46673ffed0d3da59f13635ea9b926af3deb76926" },
    { file = "numpy-1.25.2-cp39-cp39-manylinux_2_17_aarch64.manylinux2014_aarch64.whl", hash = "sha256:3e0746410e73384e70d286f93abf2520035250aad8c5714240b0492a7302fdca" },
    { file = "numpy-1.25.2-cp39-cp39-manylinux_2_17_x86_64.manylinux2014_x86_64.whl", hash = "sha256:d7806500e4f5bdd04095e849265e55de20d8cc4b661b038957354327f6d9b295" },
    { file = "numpy-1.25.2-cp39-cp39-musllinux_1_1_x86_64.whl", hash = "sha256:8b77775f4b7df768967a7c8b3567e309f617dd5e99aeb886fa14dc1a0791141f" },
    { file = "numpy-1.25.2-cp39-cp39-win32.whl", hash = "sha256:2792d23d62ec51e50ce4d4b7d73de8f67a2fd3ea710dcbc8563a51a03fb07b01" },
    { file = "numpy-1.25.2-cp39-cp39-win_amd64.whl", hash = "sha256:76b4115d42a7dfc5d485d358728cdd8719be33cc5ec6ec08632a5d6fca2ed380" },
    { file = "numpy-1.25.2-pp39-pypy39_pp73-macosx_10_9_x86_64.whl", hash = "sha256:1a1329e26f46230bf77b02cc19e900db9b52f398d6722ca853349a782d4cff55" },
    { file = "numpy-1.25.2-pp39-pypy39_pp73-manylinux_2_17_x86_64.manylinux2014_x86_64.whl", hash = "sha256:4c3abc71e8b6edba80a01a52e66d83c5d14433cbcd26a40c329ec7ed09f37901" },
    { file = "numpy-1.25.2-pp39-pypy39_pp73-win_amd64.whl", hash = "sha256:1b9735c27cea5d995496f46a8b1cd7b408b3f34b6d50459d9ac8fe3a20cc17bf" },
    { file = "numpy-1.25.2.tar.gz", hash = "sha256:fd608e19c8d7c55021dffd43bfe5492fab8cc105cc8986f813f8c3c048b38760" },
]

[[package]]
name = "opencv-python"
version = "4.8.0.74"
description = "Wrapper package for OpenCV python bindings."
optional = false
python-versions = ">=3.6"
files = [
    { file = "opencv-python-4.8.0.74.tar.gz", hash = "sha256:009e3ce356a0cd2d7423723e00a32fd3d3cc5bb5970ed27a9a1f8a8f221d1db5" },
    { file = "opencv_python-4.8.0.74-cp37-abi3-macosx_10_16_x86_64.whl", hash = "sha256:31d0d59fc8fdf703de4cec46c79b9f8d026fdde9d23d6e2e6a66809feeebbda9" },
    { file = "opencv_python-4.8.0.74-cp37-abi3-macosx_11_0_arm64.whl", hash = "sha256:66eadb5882ee56848b67f9fb57aadcaca2f4c9d9d00a0ef11043041925b51291" },
    { file = "opencv_python-4.8.0.74-cp37-abi3-manylinux_2_17_aarch64.manylinux2014_aarch64.whl", hash = "sha256:038ba7075e55cb8e2846663ae970f0fb776a45b48ee69a887bf4ee15e2570083" },
    { file = "opencv_python-4.8.0.74-cp37-abi3-manylinux_2_17_x86_64.manylinux2014_x86_64.whl", hash = "sha256:43dd0dfe331fb95767af581bf3b2781d7a72cf6560ddf2f55949fe547f3e5c9f" },
    { file = "opencv_python-4.8.0.74-cp37-abi3-win32.whl", hash = "sha256:458e5dc377f15fcf769d80314f3d885bd95457b1a2891bee67df2eb24a1d3a52" },
    { file = "opencv_python-4.8.0.74-cp37-abi3-win_amd64.whl", hash = "sha256:8fe0018d0056a5187c57120b6b3f6c3e706c13b45c48e54e86d245a9a16fac84" },
]

[package.dependencies]
numpy = [
    { version = ">=1.21.2", markers = "python_version >= \"3.10\"" },
    { version = ">=1.21.4", markers = "python_version >= \"3.10\" and platform_system == \"Darwin\"" },
    { version = ">=1.23.5", markers = "python_version >= \"3.11\"" },
    { version = ">=1.19.3", markers = "python_version >= \"3.6\" and platform_system == \"Linux\" and platform_machine == \"aarch64\" or python_version >= \"3.9\"" },
    { version = ">=1.17.0", markers = "python_version >= \"3.7\"" },
    { version = ">=1.17.3", markers = "python_version >= \"3.8\"" },
]

[[package]]
name = "peakutils"
version = "1.3.4"
description = "Peak detection utilities for 1D data"
optional = false
python-versions = "*"
files = [
    { file = "PeakUtils-1.3.4-py3-none-any.whl", hash = "sha256:8fd79ad3bbdaf3ef258c26f8dfa6a748638329c9b8c765960fb14650a155c73d" },
    { file = "PeakUtils-1.3.4.tar.gz", hash = "sha256:8920426a39424ea9f025cd76a0c19150107143670bea47e4935d4435f65e6370" },
]

[package.dependencies]
numpy = "*"
scipy = "*"

[[package]]
name = "pygments"
version = "2.16.1"
description = "Pygments is a syntax highlighting package written in Python."
optional = false
python-versions = ">=3.7"
files = [
    { file = "Pygments-2.16.1-py3-none-any.whl", hash = "sha256:13fc09fa63bc8d8671a6d247e1eb303c4b343eaee81d861f3404db2935653692" },
    { file = "Pygments-2.16.1.tar.gz", hash = "sha256:1daff0494820c69bc8941e407aa20f577374ee88364ee10a98fdbe0aece96e29" },
]

[package.extras]
plugins = ["importlib-metadata"]

[[package]]
name = "requests"
version = "2.31.0"
description = "Python HTTP for Humans."
optional = false
python-versions = ">=3.7"
files = [
    { file = "requests-2.31.0-py3-none-any.whl", hash = "sha256:58cd2187c01e70e6e26505bca751777aa9f2ee0b7f4300988b709f44e013003f" },
    { file = "requests-2.31.0.tar.gz", hash = "sha256:942c5a758f98d790eaed1a29cb6eefc7ffb0d1cf7af05c3d2791656dbd6ad1e1" },
]

[package.dependencies]
certifi = ">=2017.4.17"
charset-normalizer = ">=2,<4"
idna = ">=2.5,<4"
urllib3 = ">=1.21.1,<3"

[package.extras]
socks = ["PySocks (>=1.5.6,!=1.5.7)"]
use-chardet-on-py3 = ["chardet (>=3.0.2,<6)"]

[[package]]
name = "rich"
version = "13.5.2"
description = "Render rich text, tables, progress bars, syntax highlighting, markdown and more to the terminal"
optional = false
python-versions = ">=3.7.0"
files = [
    { file = "rich-13.5.2-py3-none-any.whl", hash = "sha256:146a90b3b6b47cac4a73c12866a499e9817426423f57c5a66949c086191a8808" },
    { file = "rich-13.5.2.tar.gz", hash = "sha256:fb9d6c0a0f643c99eed3875b5377a184132ba9be4d61516a55273d3554d75a39" },
]

[package.dependencies]
markdown-it-py = ">=2.2.0"
pygments = ">=2.13.0,<3.0.0"

[package.extras]
jupyter = ["ipywidgets (>=7.5.1,<9)"]

[[package]]
name = "scipy"
version = "1.9.3"
description = "Fundamental algorithms for scientific computing in Python"
optional = false
python-versions = ">=3.8"
files = [
    { file = "scipy-1.9.3-cp310-cp310-macosx_10_9_x86_64.whl", hash = "sha256:1884b66a54887e21addf9c16fb588720a8309a57b2e258ae1c7986d4444d3bc0" },
    { file = "scipy-1.9.3-cp310-cp310-macosx_12_0_arm64.whl", hash = "sha256:83b89e9586c62e787f5012e8475fbb12185bafb996a03257e9675cd73d3736dd" },
    { file = "scipy-1.9.3-cp310-cp310-manylinux_2_17_aarch64.manylinux2014_aarch64.whl", hash = "sha256:1a72d885fa44247f92743fc20732ae55564ff2a519e8302fb7e18717c5355a8b" },
    { file = "scipy-1.9.3-cp310-cp310-manylinux_2_17_x86_64.manylinux2014_x86_64.whl", hash = "sha256:d01e1dd7b15bd2449c8bfc6b7cc67d630700ed655654f0dfcf121600bad205c9" },
    { file = "scipy-1.9.3-cp310-cp310-win_amd64.whl", hash = "sha256:68239b6aa6f9c593da8be1509a05cb7f9efe98b80f43a5861cd24c7557e98523" },
    { file = "scipy-1.9.3-cp311-cp311-macosx_10_9_x86_64.whl", hash = "sha256:b41bc822679ad1c9a5f023bc93f6d0543129ca0f37c1ce294dd9d386f0a21096" },
    { file = "scipy-1.9.3-cp311-cp311-macosx_12_0_arm64.whl", hash = "sha256:90453d2b93ea82a9f434e4e1cba043e779ff67b92f7a0e85d05d286a3625df3c" },
    { file = "scipy-1.9.3-cp311-cp311-manylinux_2_17_aarch64.manylinux2014_aarch64.whl", hash = "sha256:83c06e62a390a9167da60bedd4575a14c1f58ca9dfde59830fc42e5197283dab" },
    { file = "scipy-1.9.3-cp311-cp311-manylinux_2_17_x86_64.manylinux2014_x86_64.whl", hash = "sha256:abaf921531b5aeaafced90157db505e10345e45038c39e5d9b6c7922d68085cb" },
    { file = "scipy-1.9.3-cp311-cp311-win_amd64.whl", hash = "sha256:06d2e1b4c491dc7d8eacea139a1b0b295f74e1a1a0f704c375028f8320d16e31" },
    { file = "scipy-1.9.3-cp38-cp38-macosx_10_9_x86_64.whl", hash = "sha256:5a04cd7d0d3eff6ea4719371cbc44df31411862b9646db617c99718ff68d4840" },
    { file = "scipy-1.9.3-cp38-cp38-macosx_12_0_arm64.whl", hash = "sha256:545c83ffb518094d8c9d83cce216c0c32f8c04aaf28b92cc8283eda0685162d5" },
    { file = "scipy-1.9.3-cp38-cp38-manylinux_2_17_aarch64.manylinux2014_aarch64.whl", hash = "sha256:0d54222d7a3ba6022fdf5773931b5d7c56efe41ede7f7128c7b1637700409108" },
    { file = "scipy-1.9.3-cp38-cp38-manylinux_2_17_x86_64.manylinux2014_x86_64.whl", hash = "sha256:cff3a5295234037e39500d35316a4c5794739433528310e117b8a9a0c76d20fc" },
    { file = "scipy-1.9.3-cp38-cp38-win_amd64.whl", hash = "sha256:2318bef588acc7a574f5bfdff9c172d0b1bf2c8143d9582e05f878e580a3781e" },
    { file = "scipy-1.9.3-cp39-cp39-macosx_10_9_x86_64.whl", hash = "sha256:d644a64e174c16cb4b2e41dfea6af722053e83d066da7343f333a54dae9bc31c" },
    { file = "scipy-1.9.3-cp39-cp39-macosx_12_0_arm64.whl", hash = "sha256:da8245491d73ed0a994ed9c2e380fd058ce2fa8a18da204681f2fe1f57f98f95" },
    { file = "scipy-1.9.3-cp39-cp39-manylinux_2_17_aarch64.manylinux2014_aarch64.whl", hash = "sha256:4db5b30849606a95dcf519763dd3ab6fe9bd91df49eba517359e450a7d80ce2e" },
    { file = "scipy-1.9.3-cp39-cp39-manylinux_2_17_x86_64.manylinux2014_x86_64.whl", hash = "sha256:c68db6b290cbd4049012990d7fe71a2abd9ffbe82c0056ebe0f01df8be5436b0" },
    { file = "scipy-1.9.3-cp39-cp39-win_amd64.whl", hash = "sha256:5b88e6d91ad9d59478fafe92a7c757d00c59e3bdc3331be8ada76a4f8d683f58" },
    { file = "scipy-1.9.3.tar.gz", hash = "sha256:fbc5c05c85c1a02be77b1ff591087c83bc44579c6d2bd9fb798bb64ea5e1a027" },
]

[package.dependencies]
numpy = ">=1.18.5,<1.26.0"

[package.extras]
dev = ["flake8", "mypy", "pycodestyle", "typing_extensions"]
doc = ["matplotlib (>2)", "numpydoc", "pydata-sphinx-theme (==0.9.0)", "sphinx (!=4.1.0)", "sphinx-panels (>=0.5.2)", "sphinx-tabs"]
test = ["asv", "gmpy2", "mpmath", "pytest", "pytest-cov", "pytest-xdist", "scikit-umfpack", "threadpoolctl"]

[[package]]
name = "shellingham"
version = "1.5.0.post1"
description = "Tool to Detect Surrounding Shell"
optional = false
python-versions = ">=3.7"
files = [
    { file = "shellingham-1.5.0.post1-py2.py3-none-any.whl", hash = "sha256:368bf8c00754fd4f55afb7bbb86e272df77e4dc76ac29dbcbb81a59e9fc15744" },
    { file = "shellingham-1.5.0.post1.tar.gz", hash = "sha256:823bc5fb5c34d60f285b624e7264f4dda254bc803a3774a147bf99c0e3004a28" },
]

[[package]]
name = "tqdm"
version = "4.65.0"
description = "Fast, Extensible Progress Meter"
optional = false
python-versions = ">=3.7"
files = [
    { file = "tqdm-4.65.0-py3-none-any.whl", hash = "sha256:c4f53a17fe37e132815abceec022631be8ffe1b9381c2e6e30aa70edc99e9671" },
    { file = "tqdm-4.65.0.tar.gz", hash = "sha256:1871fb68a86b8fb3b59ca4cdd3dcccbc7e6d613eeed31f4c332531977b89beb5" },
]

[package.dependencies]
colorama = { version = "*", markers = "platform_system == \"Windows\"" }

[package.extras]
dev = ["py-make (>=0.1.0)", "twine", "wheel"]
notebook = ["ipywidgets (>=6)"]
slack = ["slack-sdk"]
telegram = ["requests"]

[[package]]
name = "typer"
version = "0.9.0"
description = "Typer, build great CLIs. Easy to code. Based on Python type hints."
optional = false
python-versions = ">=3.6"
files = [
    { file = "typer-0.9.0-py3-none-any.whl", hash = "sha256:5d96d986a21493606a358cae4461bd8cdf83cbf33a5aa950ae629ca3b51467ee" },
    { file = "typer-0.9.0.tar.gz", hash = "sha256:50922fd79aea2f4751a8e0408ff10d2662bd0c8bbfa84755a699f3bada2978b2" },
]

[package.dependencies]
click = ">=7.1.1,<9.0.0"
colorama = {version = ">=0.4.3,<0.5.0", optional = true, markers = "extra == \"all\""}
rich = {version = ">=10.11.0,<14.0.0", optional = true, markers = "extra == \"all\""}
shellingham = {version = ">=1.3.0,<2.0.0", optional = true, markers = "extra == \"all\""}
typing-extensions = ">=3.7.4.3"

[package.extras]
all = ["colorama (>=0.4.3,<0.5.0)", "rich (>=10.11.0,<14.0.0)", "shellingham (>=1.3.0,<2.0.0)"]
dev = ["autoflake (>=1.3.1,<2.0.0)", "flake8 (>=3.8.3,<4.0.0)", "pre-commit (>=2.17.0,<3.0.0)"]
doc = ["cairosvg (>=2.5.2,<3.0.0)", "mdx-include (>=1.4.1,<2.0.0)", "mkdocs (>=1.1.2,<2.0.0)", "mkdocs-material (>=8.1.4,<9.0.0)", "pillow (>=9.3.0,<10.0.0)"]
test = ["black (>=22.3.0,<23.0.0)", "coverage (>=6.2,<7.0)", "isort (>=5.0.6,<6.0.0)", "mypy (==0.910)", "pytest (>=4.4.0,<8.0.0)", "pytest-cov (>=2.10.0,<5.0.0)", "pytest-sugar (>=0.9.4,<0.10.0)", "pytest-xdist (>=1.32.0,<4.0.0)", "rich (>=10.11.0,<14.0.0)", "shellingham (>=1.3.0,<2.0.0)"]

[[package]]
name = "typing-extensions"
version = "4.7.1"
description = "Backported and Experimental Type Hints for Python 3.7+"
optional = false
python-versions = ">=3.7"
files = [
    { file = "typing_extensions-4.7.1-py3-none-any.whl", hash = "sha256:440d5dd3af93b060174bf433bccd69b0babc3b15b1a8dca43789fd7f61514b36" },
    { file = "typing_extensions-4.7.1.tar.gz", hash = "sha256:b75ddc264f0ba5615db7ba217daeb99701ad295353c45f9e95963337ceeeffb2" },
]

[[package]]
name = "urllib3"
version = "2.0.4"
description = "HTTP library with thread-safe connection pooling, file post, and more."
optional = false
python-versions = ">=3.7"
files = [
    { file = "urllib3-2.0.4-py3-none-any.whl", hash = "sha256:de7df1803967d2c2a98e4b11bb7d6bd9210474c46e8a0401514e3a42a75ebde4" },
    { file = "urllib3-2.0.4.tar.gz", hash = "sha256:8d22f86aae8ef5e410d4f539fde9ce6b2113a001bb4d189e0aed70642d602b11" },
]

[package.extras]
brotli = ["brotli (>=1.0.9)", "brotlicffi (>=0.8.0)"]
secure = ["certifi", "cryptography (>=1.9)", "idna (>=2.0.0)", "pyopenssl (>=17.1.0)", "urllib3-secure-extra"]
socks = ["pysocks (>=1.5.6,!=1.5.7,<2.0)"]
zstd = ["zstandard (>=0.18.0)"]

[[package]]
name = "vidgear"
version = "0.3.1"
description = "High-performance cross-platform Video Processing Python framework powerpacked with unique trailblazing features."
optional = false
python-versions = ">=3.7"
files = [
    { file = "vidgear-0.3.1-py3-none-any.whl", hash = "sha256:435a1af310148bb343789131b8757b6a0fccf86a8845f17ae7f7f77c61b56410" },
    { file = "vidgear-0.3.1.tar.gz", hash = "sha256:1d4e9df19063aa9417bb0905cdb06a9c2247fe440b534e42701460f32001aee7" },
]

[package.dependencies]
colorlog = "*"
cython = "*"
numpy = "*"
requests = "*"
tqdm = "*"

[package.extras]
asyncio = ["Pillow", "aiortc (>=1.5.0)", "jinja2", "msgpack (>=1.0.5)", "msgpack-numpy (>=0.4.8)", "mss (==7.0.1)", "pyscreenshot (>=3.1)", "pyzmq (==24.0.1)", "simplejpeg (>=1.7.0rc1)", "starlette", "uvicorn", "yt-dlp (>=2023.7.6)"]
core = ["Pillow", "mss (==7.0.1)", "pyscreenshot (>=3.1)", "pyzmq (==24.0.1)", "simplejpeg (>=1.7.0rc1)", "yt-dlp (>=2023.7.6)"]

[metadata]
lock-version = "2.0"
python-versions = "^3.11"
content-hash = "9e5f17c81170b33b6f41fbc814f36d60a17febff3824b745d824b6343c01656b"
